// !$*UTF8*$!
{
	archiveVersion = 1;
	classes = {
	};
	objectVersion = 50;
	objects = {

/* Begin PBXBuildFile section */
		67FA9835232AA70500D13702 /* AppDelegate.swift in Sources */ = {isa = PBXBuildFile; fileRef = 67FA9834232AA70500D13702 /* AppDelegate.swift */; };
		67FA9837232AA70500D13702 /* ViewController.swift in Sources */ = {isa = PBXBuildFile; fileRef = 67FA9836232AA70500D13702 /* ViewController.swift */; };
		67FA983A232AA70500D13702 /* Main.storyboard in Resources */ = {isa = PBXBuildFile; fileRef = 67FA9838232AA70500D13702 /* Main.storyboard */; };
		67FA983D232AA70500D13702 /* AppsWithCoreData.xcdatamodeld in Sources */ = {isa = PBXBuildFile; fileRef = 67FA983B232AA70500D13702 /* AppsWithCoreData.xcdatamodeld */; };
		67FA983F232AA70600D13702 /* Assets.xcassets in Resources */ = {isa = PBXBuildFile; fileRef = 67FA983E232AA70600D13702 /* Assets.xcassets */; };
		67FA9842232AA70600D13702 /* LaunchScreen.storyboard in Resources */ = {isa = PBXBuildFile; fileRef = 67FA9840232AA70600D13702 /* LaunchScreen.storyboard */; };
		67FA984D232AA70600D13702 /* AppsWithCoreDataTests.swift in Sources */ = {isa = PBXBuildFile; fileRef = 67FA984C232AA70600D13702 /* AppsWithCoreDataTests.swift */; };
/* End PBXBuildFile section */

/* Begin PBXContainerItemProxy section */
		67FA9849232AA70600D13702 /* PBXContainerItemProxy */ = {
			isa = PBXContainerItemProxy;
			containerPortal = 67FA9829232AA70500D13702 /* Project object */;
			proxyType = 1;
			remoteGlobalIDString = 67FA9830232AA70500D13702;
			remoteInfo = AppsWithCoreData;
		};
/* End PBXContainerItemProxy section */

/* Begin PBXFileReference section */
		67FA9831232AA70500D13702 /* AppsWithCoreData.app */ = {isa = PBXFileReference; explicitFileType = wrapper.application; includeInIndex = 0; path = AppsWithCoreData.app; sourceTree = BUILT_PRODUCTS_DIR; };
		67FA9834232AA70500D13702 /* AppDelegate.swift */ = {isa = PBXFileReference; lastKnownFileType = sourcecode.swift; path = AppDelegate.swift; sourceTree = "<group>"; };
		67FA9836232AA70500D13702 /* ViewController.swift */ = {isa = PBXFileReference; lastKnownFileType = sourcecode.swift; path = ViewController.swift; sourceTree = "<group>"; };
		67FA9839232AA70500D13702 /* Base */ = {isa = PBXFileReference; lastKnownFileType = file.storyboard; name = Base; path = Base.lproj/Main.storyboard; sourceTree = "<group>"; };
		67FA983C232AA70500D13702 /* AppsWithCoreData.xcdatamodel */ = {isa = PBXFileReference; lastKnownFileType = wrapper.xcdatamodel; path = AppsWithCoreData.xcdatamodel; sourceTree = "<group>"; };
		67FA983E232AA70600D13702 /* Assets.xcassets */ = {isa = PBXFileReference; lastKnownFileType = folder.assetcatalog; path = Assets.xcassets; sourceTree = "<group>"; };
		67FA9841232AA70600D13702 /* Base */ = {isa = PBXFileReference; lastKnownFileType = file.storyboard; name = Base; path = Base.lproj/LaunchScreen.storyboard; sourceTree = "<group>"; };
		67FA9843232AA70600D13702 /* Info.plist */ = {isa = PBXFileReference; lastKnownFileType = text.plist.xml; path = Info.plist; sourceTree = "<group>"; };
		67FA9848232AA70600D13702 /* AppsWithCoreDataTests.xctest */ = {isa = PBXFileReference; explicitFileType = wrapper.cfbundle; includeInIndex = 0; path = AppsWithCoreDataTests.xctest; sourceTree = BUILT_PRODUCTS_DIR; };
		67FA984C232AA70600D13702 /* AppsWithCoreDataTests.swift */ = {isa = PBXFileReference; lastKnownFileType = sourcecode.swift; path = AppsWithCoreDataTests.swift; sourceTree = "<group>"; };
		67FA984E232AA70600D13702 /* Info.plist */ = {isa = PBXFileReference; lastKnownFileType = text.plist.xml; path = Info.plist; sourceTree = "<group>"; };
/* End PBXFileReference section */

/* Begin PBXFrameworksBuildPhase section */
		67FA982E232AA70500D13702 /* Frameworks */ = {
			isa = PBXFrameworksBuildPhase;
			buildActionMask = 2147483647;
			files = (
			);
			runOnlyForDeploymentPostprocessing = 0;
		};
		67FA9845232AA70600D13702 /* Frameworks */ = {
			isa = PBXFrameworksBuildPhase;
			buildActionMask = 2147483647;
			files = (
			);
			runOnlyForDeploymentPostprocessing = 0;
		};
/* End PBXFrameworksBuildPhase section */

/* Begin PBXGroup section */
		67FA9828232AA70500D13702 = {
			isa = PBXGroup;
			children = (
				67FA9833232AA70500D13702 /* AppsWithCoreData */,
				67FA984B232AA70600D13702 /* AppsWithCoreDataTests */,
				67FA9832232AA70500D13702 /* Products */,
			);
			sourceTree = "<group>";
		};
		67FA9832232AA70500D13702 /* Products */ = {
			isa = PBXGroup;
			children = (
				67FA9831232AA70500D13702 /* AppsWithCoreData.app */,
				67FA9848232AA70600D13702 /* AppsWithCoreDataTests.xctest */,
			);
			name = Products;
			sourceTree = "<group>";
		};
		67FA9833232AA70500D13702 /* AppsWithCoreData */ = {
			isa = PBXGroup;
			children = (
				67FA9834232AA70500D13702 /* AppDelegate.swift */,
				67FA9836232AA70500D13702 /* ViewController.swift */,
				67FA9838232AA70500D13702 /* Main.storyboard */,
				67FA983E232AA70600D13702 /* Assets.xcassets */,
				67FA9840232AA70600D13702 /* LaunchScreen.storyboard */,
				67FA9843232AA70600D13702 /* Info.plist */,
				67FA983B232AA70500D13702 /* AppsWithCoreData.xcdatamodeld */,
			);
			path = AppsWithCoreData;
			sourceTree = "<group>";
		};
		67FA984B232AA70600D13702 /* AppsWithCoreDataTests */ = {
			isa = PBXGroup;
			children = (
				67FA984C232AA70600D13702 /* AppsWithCoreDataTests.swift */,
				67FA984E232AA70600D13702 /* Info.plist */,
			);
			path = AppsWithCoreDataTests;
			sourceTree = "<group>";
		};
/* End PBXGroup section */

/* Begin PBXNativeTarget section */
		67FA9830232AA70500D13702 /* AppsWithCoreData */ = {
			isa = PBXNativeTarget;
			buildConfigurationList = 67FA9851232AA70600D13702 /* Build configuration list for PBXNativeTarget "AppsWithCoreData" */;
			buildPhases = (
				67FA982D232AA70500D13702 /* Sources */,
				67FA982E232AA70500D13702 /* Frameworks */,
				67FA982F232AA70500D13702 /* Resources */,
			);
			buildRules = (
			);
			dependencies = (
			);
			name = AppsWithCoreData;
			productName = AppsWithCoreData;
			productReference = 67FA9831232AA70500D13702 /* AppsWithCoreData.app */;
			productType = "com.apple.product-type.application";
		};
		67FA9847232AA70600D13702 /* AppsWithCoreDataTests */ = {
			isa = PBXNativeTarget;
			buildConfigurationList = 67FA9854232AA70600D13702 /* Build configuration list for PBXNativeTarget "AppsWithCoreDataTests" */;
			buildPhases = (
				67FA9844232AA70600D13702 /* Sources */,
				67FA9845232AA70600D13702 /* Frameworks */,
				67FA9846232AA70600D13702 /* Resources */,
			);
			buildRules = (
			);
			dependencies = (
				67FA984A232AA70600D13702 /* PBXTargetDependency */,
			);
			name = AppsWithCoreDataTests;
			productName = AppsWithCoreDataTests;
			productReference = 67FA9848232AA70600D13702 /* AppsWithCoreDataTests.xctest */;
			productType = "com.apple.product-type.bundle.unit-test";
		};
/* End PBXNativeTarget section */

/* Begin PBXProject section */
		67FA9829232AA70500D13702 /* Project object */ = {
			isa = PBXProject;
			attributes = {
				LastSwiftUpdateCheck = 1030;
				LastUpgradeCheck = 1030;
				ORGANIZATIONNAME = ChamanGurjar;
				TargetAttributes = {
					67FA9830232AA70500D13702 = {
						CreatedOnToolsVersion = 10.3;
					};
					67FA9847232AA70600D13702 = {
						CreatedOnToolsVersion = 10.3;
						TestTargetID = 67FA9830232AA70500D13702;
					};
				};
			};
			buildConfigurationList = 67FA982C232AA70500D13702 /* Build configuration list for PBXProject "AppsWithCoreData" */;
			compatibilityVersion = "Xcode 9.3";
			developmentRegion = en;
			hasScannedForEncodings = 0;
			knownRegions = (
				en,
				Base,
			);
			mainGroup = 67FA9828232AA70500D13702;
			productRefGroup = 67FA9832232AA70500D13702 /* Products */;
			projectDirPath = "";
			projectRoot = "";
			targets = (
				67FA9830232AA70500D13702 /* AppsWithCoreData */,
				67FA9847232AA70600D13702 /* AppsWithCoreDataTests */,
			);
		};
/* End PBXProject section */

/* Begin PBXResourcesBuildPhase section */
		67FA982F232AA70500D13702 /* Resources */ = {
			isa = PBXResourcesBuildPhase;
			buildActionMask = 2147483647;
			files = (
				67FA9842232AA70600D13702 /* LaunchScreen.storyboard in Resources */,
				67FA983F232AA70600D13702 /* Assets.xcassets in Resources */,
				67FA983A232AA70500D13702 /* Main.storyboard in Resources */,
			);
			runOnlyForDeploymentPostprocessing = 0;
		};
		67FA9846232AA70600D13702 /* Resources */ = {
			isa = PBXResourcesBuildPhase;
			buildActionMask = 2147483647;
			files = (
			);
			runOnlyForDeploymentPostprocessing = 0;
		};
/* End PBXResourcesBuildPhase section */

/* Begin PBXSourcesBuildPhase section */
		67FA982D232AA70500D13702 /* Sources */ = {
			isa = PBXSourcesBuildPhase;
			buildActionMask = 2147483647;
			files = (
				67FA9837232AA70500D13702 /* ViewController.swift in Sources */,
				67FA983D232AA70500D13702 /* AppsWithCoreData.xcdatamodeld in Sources */,
				67FA9835232AA70500D13702 /* AppDelegate.swift in Sources */,
			);
			runOnlyForDeploymentPostprocessing = 0;
		};
		67FA9844232AA70600D13702 /* Sources */ = {
			isa = PBXSourcesBuildPhase;
			buildActionMask = 2147483647;
			files = (
				67FA984D232AA70600D13702 /* AppsWithCoreDataTests.swift in Sources */,
			);
			runOnlyForDeploymentPostprocessing = 0;
		};
/* End PBXSourcesBuildPhase section */

/* Begin PBXTargetDependency section */
		67FA984A232AA70600D13702 /* PBXTargetDependency */ = {
			isa = PBXTargetDependency;
			target = 67FA9830232AA70500D13702 /* AppsWithCoreData */;
			targetProxy = 67FA9849232AA70600D13702 /* PBXContainerItemProxy */;
		};
/* End PBXTargetDependency section */

/* Begin PBXVariantGroup section */
		67FA9838232AA70500D13702 /* Main.storyboard */ = {
			isa = PBXVariantGroup;
			children = (
				67FA9839232AA70500D13702 /* Base */,
			);
			name = Main.storyboard;
			sourceTree = "<group>";
		};
		67FA9840232AA70600D13702 /* LaunchScreen.storyboard */ = {
			isa = PBXVariantGroup;
			children = (
				67FA9841232AA70600D13702 /* Base */,
			);
			name = LaunchScreen.storyboard;
			sourceTree = "<group>";
		};
/* End PBXVariantGroup section */

/* Begin XCBuildConfiguration section */
		67FA984F232AA70600D13702 /* Debug */ = {
			isa = XCBuildConfiguration;
			buildSettings = {
				ALWAYS_SEARCH_USER_PATHS = NO;
				CLANG_ANALYZER_NONNULL = YES;
				CLANG_ANALYZER_NUMBER_OBJECT_CONVERSION = YES_AGGRESSIVE;
				CLANG_CXX_LANGUAGE_STANDARD = "gnu++14";
				CLANG_CXX_LIBRARY = "libc++";
				CLANG_ENABLE_MODULES = YES;
				CLANG_ENABLE_OBJC_ARC = YES;
				CLANG_ENABLE_OBJC_WEAK = YES;
				CLANG_WARN_BLOCK_CAPTURE_AUTORELEASING = YES;
				CLANG_WARN_BOOL_CONVERSION = YES;
				CLANG_WARN_COMMA = YES;
				CLANG_WARN_CONSTANT_CONVERSION = YES;
				CLANG_WARN_DEPRECATED_OBJC_IMPLEMENTATIONS = YES;
				CLANG_WARN_DIRECT_OBJC_ISA_USAGE = YES_ERROR;
				CLANG_WARN_DOCUMENTATION_COMMENTS = YES;
				CLANG_WARN_EMPTY_BODY = YES;
				CLANG_WARN_ENUM_CONVERSION = YES;
				CLANG_WARN_INFINITE_RECURSION = YES;
				CLANG_WARN_INT_CONVERSION = YES;
				CLANG_WARN_NON_LITERAL_NULL_CONVERSION = YES;
				CLANG_WARN_OBJC_IMPLICIT_RETAIN_SELF = YES;
				CLANG_WARN_OBJC_LITERAL_CONVERSION = YES;
				CLANG_WARN_OBJC_ROOT_CLASS = YES_ERROR;
				CLANG_WARN_RANGE_LOOP_ANALYSIS = YES;
				CLANG_WARN_STRICT_PROTOTYPES = YES;
				CLANG_WARN_SUSPICIOUS_MOVE = YES;
				CLANG_WARN_UNGUARDED_AVAILABILITY = YES_AGGRESSIVE;
				CLANG_WARN_UNREACHABLE_CODE = YES;
				CLANG_WARN__DUPLICATE_METHOD_MATCH = YES;
				CODE_SIGN_IDENTITY = "iPhone Developer";
				COPY_PHASE_STRIP = NO;
				DEBUG_INFORMATION_FORMAT = dwarf;
				ENABLE_STRICT_OBJC_MSGSEND = YES;
				ENABLE_TESTABILITY = YES;
				GCC_C_LANGUAGE_STANDARD = gnu11;
				GCC_DYNAMIC_NO_PIC = NO;
				GCC_NO_COMMON_BLOCKS = YES;
				GCC_OPTIMIZATION_LEVEL = 0;
				GCC_PREPROCESSOR_DEFINITIONS = (
					"DEBUG=1",
					"$(inherited)",
				);
				GCC_WARN_64_TO_32_BIT_CONVERSION = YES;
				GCC_WARN_ABOUT_RETURN_TYPE = YES_ERROR;
				GCC_WARN_UNDECLARED_SELECTOR = YES;
				GCC_WARN_UNINITIALIZED_AUTOS = YES_AGGRESSIVE;
				GCC_WARN_UNUSED_FUNCTION = YES;
				GCC_WARN_UNUSED_VARIABLE = YES;
				IPHONEOS_DEPLOYMENT_TARGET = 12.4;
				MTL_ENABLE_DEBUG_INFO = INCLUDE_SOURCE;
				MTL_FAST_MATH = YES;
				ONLY_ACTIVE_ARCH = YES;
				SDKROOT = iphoneos;
				SWIFT_ACTIVE_COMPILATION_CONDITIONS = DEBUG;
				SWIFT_OPTIMIZATION_LEVEL = "-Onone";
			};
			name = Debug;
		};
		67FA9850232AA70600D13702 /* Release */ = {
			isa = XCBuildConfiguration;
			buildSettings = {
				ALWAYS_SEARCH_USER_PATHS = NO;
				CLANG_ANALYZER_NONNULL = YES;
				CLANG_ANALYZER_NUMBER_OBJECT_CONVERSION = YES_AGGRESSIVE;
				CLANG_CXX_LANGUAGE_STANDARD = "gnu++14";
				CLANG_CXX_LIBRARY = "libc++";
				CLANG_ENABLE_MODULES = YES;
				CLANG_ENABLE_OBJC_ARC = YES;
				CLANG_ENABLE_OBJC_WEAK = YES;
				CLANG_WARN_BLOCK_CAPTURE_AUTORELEASING = YES;
				CLANG_WARN_BOOL_CONVERSION = YES;
				CLANG_WARN_COMMA = YES;
				CLANG_WARN_CONSTANT_CONVERSION = YES;
				CLANG_WARN_DEPRECATED_OBJC_IMPLEMENTATIONS = YES;
				CLANG_WARN_DIRECT_OBJC_ISA_USAGE = YES_ERROR;
				CLANG_WARN_DOCUMENTATION_COMMENTS = YES;
				CLANG_WARN_EMPTY_BODY = YES;
				CLANG_WARN_ENUM_CONVERSION = YES;
				CLANG_WARN_INFINITE_RECURSION = YES;
				CLANG_WARN_INT_CONVERSION = YES;
				CLANG_WARN_NON_LITERAL_NULL_CONVERSION = YES;
				CLANG_WARN_OBJC_IMPLICIT_RETAIN_SELF = YES;
				CLANG_WARN_OBJC_LITERAL_CONVERSION = YES;
				CLANG_WARN_OBJC_ROOT_CLASS = YES_ERROR;
				CLANG_WARN_RANGE_LOOP_ANALYSIS = YES;
				CLANG_WARN_STRICT_PROTOTYPES = YES;
				CLANG_WARN_SUSPICIOUS_MOVE = YES;
				CLANG_WARN_UNGUARDED_AVAILABILITY = YES_AGGRESSIVE;
				CLANG_WARN_UNREACHABLE_CODE = YES;
				CLANG_WARN__DUPLICATE_METHOD_MATCH = YES;
				CODE_SIGN_IDENTITY = "iPhone Developer";
				COPY_PHASE_STRIP = NO;
				DEBUG_INFORMATION_FORMAT = "dwarf-with-dsym";
				ENABLE_NS_ASSERTIONS = NO;
				ENABLE_STRICT_OBJC_MSGSEND = YES;
				GCC_C_LANGUAGE_STANDARD = gnu11;
				GCC_NO_COMMON_BLOCKS = YES;
				GCC_WARN_64_TO_32_BIT_CONVERSION = YES;
				GCC_WARN_ABOUT_RETURN_TYPE = YES_ERROR;
				GCC_WARN_UNDECLARED_SELECTOR = YES;
				GCC_WARN_UNINITIALIZED_AUTOS = YES_AGGRESSIVE;
				GCC_WARN_UNUSED_FUNCTION = YES;
				GCC_WARN_UNUSED_VARIABLE = YES;
				IPHONEOS_DEPLOYMENT_TARGET = 12.4;
				MTL_ENABLE_DEBUG_INFO = NO;
				MTL_FAST_MATH = YES;
				SDKROOT = iphoneos;
				SWIFT_COMPILATION_MODE = wholemodule;
				SWIFT_OPTIMIZATION_LEVEL = "-O";
				VALIDATE_PRODUCT = YES;
			};
			name = Release;
		};
		67FA9852232AA70600D13702 /* Debug */ = {
			isa = XCBuildConfiguration;
			buildSettings = {
				ASSETCATALOG_COMPILER_APPICON_NAME = AppIcon;
				CODE_SIGN_STYLE = Automatic;
				INFOPLIST_FILE = AppsWithCoreData/Info.plist;
				LD_RUNPATH_SEARCH_PATHS = (
					"$(inherited)",
					"@executable_path/Frameworks",
				);
				PRODUCT_BUNDLE_IDENTIFIER = gurjar.chaman.AppsWithCoreData;
				PRODUCT_NAME = "$(TARGET_NAME)";
				SWIFT_VERSION = 5.0;
				TARGETED_DEVICE_FAMILY = "1,2";
			};
			name = Debug;
		};
		67FA9853232AA70600D13702 /* Release */ = {
			isa = XCBuildConfiguration;
			buildSettings = {
				ASSETCATALOG_COMPILER_APPICON_NAME = AppIcon;
				CODE_SIGN_STYLE = Automatic;
				INFOPLIST_FILE = AppsWithCoreData/Info.plist;
				LD_RUNPATH_SEARCH_PATHS = (
					"$(inherited)",
					"@executable_path/Frameworks",
				);
				PRODUCT_BUNDLE_IDENTIFIER = gurjar.chaman.AppsWithCoreData;
				PRODUCT_NAME = "$(TARGET_NAME)";
				SWIFT_VERSION = 5.0;
				TARGETED_DEVICE_FAMILY = "1,2";
			};
			name = Release;
		};
		67FA9855232AA70600D13702 /* Debug */ = {
			isa = XCBuildConfiguration;
			buildSettings = {
				ALWAYS_EMBED_SWIFT_STANDARD_LIBRARIES = YES;
				BUNDLE_LOADER = "$(TEST_HOST)";
				CODE_SIGN_STYLE = Automatic;
				INFOPLIST_FILE = AppsWithCoreDataTests/Info.plist;
				LD_RUNPATH_SEARCH_PATHS = (
					"$(inherited)",
					"@executable_path/Frameworks",
					"@loader_path/Frameworks",
				);
				PRODUCT_BUNDLE_IDENTIFIER = gurjar.chaman.AppsWithCoreDataTests;
				PRODUCT_NAME = "$(TARGET_NAME)";
				SWIFT_VERSION = 5.0;
				TARGETED_DEVICE_FAMILY = "1,2";
				TEST_HOST = "$(BUILT_PRODUCTS_DIR)/AppsWithCoreData.app/AppsWithCoreData";
			};
			name = Debug;
		};
		67FA9856232AA70600D13702 /* Release */ = {
			isa = XCBuildConfiguration;
			buildSettings = {
				ALWAYS_EMBED_SWIFT_STANDARD_LIBRARIES = YES;
				BUNDLE_LOADER = "$(TEST_HOST)";
				CODE_SIGN_STYLE = Automatic;
				INFOPLIST_FILE = AppsWithCoreDataTests/Info.plist;
				LD_RUNPATH_SEARCH_PATHS = (
					"$(inherited)",
					"@executable_path/Frameworks",
					"@loader_path/Frameworks",
				);
				PRODUCT_BUNDLE_IDENTIFIER = gurjar.chaman.AppsWithCoreDataTests;
				PRODUCT_NAME = "$(TARGET_NAME)";
				SWIFT_VERSION = 5.0;
				TARGETED_DEVICE_FAMILY = "1,2";
				TEST_HOST = "$(BUILT_PRODUCTS_DIR)/AppsWithCoreData.app/AppsWithCoreData";
			};
			name = Release;
		};
/* End XCBuildConfiguration section */

/* Begin XCConfigurationList section */
		67FA982C232AA70500D13702 /* Build configuration list for PBXProject "AppsWithCoreData" */ = {
			isa = XCConfigurationList;
			buildConfigurations = (
				67FA984F232AA70600D13702 /* Debug */,
				67FA9850232AA70600D13702 /* Release */,
			);
			defaultConfigurationIsVisible = 0;
			defaultConfigurationName = Release;
		};
		67FA9851232AA70600D13702 /* Build configuration list for PBXNativeTarget "AppsWithCoreData" */ = {
			isa = XCConfigurationList;
			buildConfigurations = (
				67FA9852232AA70600D13702 /* Debug */,
				67FA9853232AA70600D13702 /* Release */,
			);
			defaultConfigurationIsVisible = 0;
			defaultConfigurationName = Release;
		};
		67FA9854232AA70600D13702 /* Build configuration list for PBXNativeTarget "AppsWithCoreDataTests" */ = {
			isa = XCConfigurationList;
			buildConfigurations = (
				67FA9855232AA70600D13702 /* Debug */,
				67FA9856232AA70600D13702 /* Release */,
			);
			defaultConfigurationIsVisible = 0;
			defaultConfigurationName = Release;
		};
/* End XCConfigurationList section */

/* Begin XCVersionGroup section */
		67FA983B232AA70500D13702 /* AppsWithCoreData.xcdatamodeld */ = {
			isa = XCVersionGroup;
			children = (
				67FA983C232AA70500D13702 /* AppsWithCoreData.xcdatamodel */,
			);
			currentVersion = 67FA983C232AA70500D13702 /* AppsWithCoreData.xcdatamodel */;
			path = AppsWithCoreData.xcdatamodeld;
			sourceTree = "<group>";
			versionGroupType = wrapper.xcdatamodel;
		};
/* End XCVersionGroup section */
	};
	rootObject = 67FA9829232AA70500D13702 /* Project object */;
}
